{
  "name": "seahi-skills",
  "version": "0.1.4",
  "lockfileVersion": 3,
  "requires": true,
  "packages": {
    "": {
      "name": "seahi-skills",
      "version": "0.1.4",
      "license": "MIT",
      "bin": {
        "seahi-skills": "bin/cli.js"
      },
      "engines": {
        "node": ">=18"
      }
    }
  }
}
